
Microsoft Visual Studio Solution File, Format Version 12.00
# Visual Studio Version 16
VisualStudioVersion = 16.0.29230.47
MinimumVisualStudioVersion = 10.0.40219.1
Project("{FAE04EC0-301F-11D3-BF4B-00C04F79EFBC}") = "demo", "demo.csproj", "{960E0EE5-A5A8-4680-8A1C-7DB78234CF72}"
EndProject
Global
	GlobalSection(SolutionConfigurationPlatforms) = preSolution
		Debug|Any CPU = Debug|Any CPU
		Release|Any CPU = Release|Any CPU
	EndGlobalSection
	GlobalSection(ProjectConfigurationPlatforms) = postSolution
		{960E0EE5-A5A8-4680-8A1C-7DB78234CF72}.Debug|Any CPU.ActiveCfg = Debug|Any CPU
		{960E0EE5-A5A8-4680-8A1C-7DB78234CF72}.Debug|Any CPU.Build.0 = Debug|Any CPU
		{960E0EE5-A5A8-4680-8A1C-7DB78234CF72}.Release|Any CPU.ActiveCfg = Release|Any CPU
		{960E0EE5-A5A8-4680-8A1C-7DB78234CF72}.Release|Any CPU.Build.0 = Release|Any CPU
	EndGlobalSection
	GlobalSection(SolutionProperties) = preSolution
		HideSolutionNode = FALSE
	EndGlobalSection
	GlobalSection(ExtensibilityGlobals) = postSolution
		SolutionGuid = {3F826C25-7BB1-43DC-AC18-10E5FF616742}
	EndGlobalSection
EndGlobal
