
Microsoft Visual Studio Solution File, Format Version 12.00
# Visual Studio Version 16
VisualStudioVersion = 16.0.29230.47
MinimumVisualStudioVersion = 10.0.40219.1
Project("{FAE04EC0-301F-11D3-BF4B-00C04F79EFBC}") = "Animal", "Animal.csproj", "{0B420A1F-023E-4AA4-A08E-7642BDE8CB43}"
EndProject
Global
	GlobalSection(SolutionConfigurationPlatforms) = preSolution
		Debug|Any CPU = Debug|Any CPU
		Release|Any CPU = Release|Any CPU
	EndGlobalSection
	GlobalSection(ProjectConfigurationPlatforms) = postSolution
		{0B420A1F-023E-4AA4-A08E-7642BDE8CB43}.Debug|Any CPU.ActiveCfg = Debug|Any CPU
		{0B420A1F-023E-4AA4-A08E-7642BDE8CB43}.Debug|Any CPU.Build.0 = Debug|Any CPU
		{0B420A1F-023E-4AA4-A08E-7642BDE8CB43}.Release|Any CPU.ActiveCfg = Release|Any CPU
		{0B420A1F-023E-4AA4-A08E-7642BDE8CB43}.Release|Any CPU.Build.0 = Release|Any CPU
	EndGlobalSection
	GlobalSection(SolutionProperties) = preSolution
		HideSolutionNode = FALSE
	EndGlobalSection
	GlobalSection(ExtensibilityGlobals) = postSolution
		SolutionGuid = {8EC14B4B-1AA4-4DFB-B56A-F7F729BC747C}
	EndGlobalSection
EndGlobal
