
Microsoft Visual Studio Solution File, Format Version 12.00
# Visual Studio Version 16
VisualStudioVersion = 16.0.29230.47
MinimumVisualStudioVersion = 10.0.40219.1
Project("{FAE04EC0-301F-11D3-BF4B-00C04F79EFBC}") = "printerexercise", "printerexercise.csproj", "{1729D826-9E5B-49C2-8D02-DF89D4013CED}"
EndProject
Global
	GlobalSection(SolutionConfigurationPlatforms) = preSolution
		Debug|Any CPU = Debug|Any CPU
		Release|Any CPU = Release|Any CPU
	EndGlobalSection
	GlobalSection(ProjectConfigurationPlatforms) = postSolution
		{1729D826-9E5B-49C2-8D02-DF89D4013CED}.Debug|Any CPU.ActiveCfg = Debug|Any CPU
		{1729D826-9E5B-49C2-8D02-DF89D4013CED}.Debug|Any CPU.Build.0 = Debug|Any CPU
		{1729D826-9E5B-49C2-8D02-DF89D4013CED}.Release|Any CPU.ActiveCfg = Release|Any CPU
		{1729D826-9E5B-49C2-8D02-DF89D4013CED}.Release|Any CPU.Build.0 = Release|Any CPU
	EndGlobalSection
	GlobalSection(SolutionProperties) = preSolution
		HideSolutionNode = FALSE
	EndGlobalSection
	GlobalSection(ExtensibilityGlobals) = postSolution
		SolutionGuid = {E574DE12-ACAA-4E70-B488-47D7F4C5F6EC}
	EndGlobalSection
EndGlobal
