
Microsoft Visual Studio Solution File, Format Version 12.00
# Visual Studio Version 16
VisualStudioVersion = 16.0.29230.47
MinimumVisualStudioVersion = 10.0.40219.1
Project("{FAE04EC0-301F-11D3-BF4B-00C04F79EFBC}") = "piratesworkshop", "piratesworkshop.csproj", "{A74D750F-DCDD-456D-B9AC-F68A938D5661}"
EndProject
Global
	GlobalSection(SolutionConfigurationPlatforms) = preSolution
		Debug|Any CPU = Debug|Any CPU
		Release|Any CPU = Release|Any CPU
	EndGlobalSection
	GlobalSection(ProjectConfigurationPlatforms) = postSolution
		{A74D750F-DCDD-456D-B9AC-F68A938D5661}.Debug|Any CPU.ActiveCfg = Debug|Any CPU
		{A74D750F-DCDD-456D-B9AC-F68A938D5661}.Debug|Any CPU.Build.0 = Debug|Any CPU
		{A74D750F-DCDD-456D-B9AC-F68A938D5661}.Release|Any CPU.ActiveCfg = Release|Any CPU
		{A74D750F-DCDD-456D-B9AC-F68A938D5661}.Release|Any CPU.Build.0 = Release|Any CPU
	EndGlobalSection
	GlobalSection(SolutionProperties) = preSolution
		HideSolutionNode = FALSE
	EndGlobalSection
	GlobalSection(ExtensibilityGlobals) = postSolution
		SolutionGuid = {D3CF36D6-6330-4EC7-93D6-0B57695D8438}
	EndGlobalSection
EndGlobal
