
Microsoft Visual Studio Solution File, Format Version 12.00
# Visual Studio Version 16
VisualStudioVersion = 16.0.29230.47
MinimumVisualStudioVersion = 10.0.40219.1
Project("{FAE04EC0-301F-11D3-BF4B-00C04F79EFBC}") = "treeswithclasses", "treeswithclasses.csproj", "{E5AC9819-B5F7-421B-AF34-D30775C4903C}"
EndProject
Global
	GlobalSection(SolutionConfigurationPlatforms) = preSolution
		Debug|Any CPU = Debug|Any CPU
		Release|Any CPU = Release|Any CPU
	EndGlobalSection
	GlobalSection(ProjectConfigurationPlatforms) = postSolution
		{E5AC9819-B5F7-421B-AF34-D30775C4903C}.Debug|Any CPU.ActiveCfg = Debug|Any CPU
		{E5AC9819-B5F7-421B-AF34-D30775C4903C}.Debug|Any CPU.Build.0 = Debug|Any CPU
		{E5AC9819-B5F7-421B-AF34-D30775C4903C}.Release|Any CPU.ActiveCfg = Release|Any CPU
		{E5AC9819-B5F7-421B-AF34-D30775C4903C}.Release|Any CPU.Build.0 = Release|Any CPU
	EndGlobalSection
	GlobalSection(SolutionProperties) = preSolution
		HideSolutionNode = FALSE
	EndGlobalSection
	GlobalSection(ExtensibilityGlobals) = postSolution
		SolutionGuid = {9EAA512B-F7C9-4550-9116-8EE5ABBCA83F}
	EndGlobalSection
EndGlobal
