
Microsoft Visual Studio Solution File, Format Version 12.00
# Visual Studio Version 16
VisualStudioVersion = 16.0.29230.47
MinimumVisualStudioVersion = 10.0.40219.1
Project("{FAE04EC0-301F-11D3-BF4B-00C04F79EFBC}") = "ConsoleApp3", "ConsoleApp3.csproj", "{1F463432-EC11-4796-9FA8-70BBBB71D875}"
EndProject
Global
	GlobalSection(SolutionConfigurationPlatforms) = preSolution
		Debug|Any CPU = Debug|Any CPU
		Release|Any CPU = Release|Any CPU
	EndGlobalSection
	GlobalSection(ProjectConfigurationPlatforms) = postSolution
		{1F463432-EC11-4796-9FA8-70BBBB71D875}.Debug|Any CPU.ActiveCfg = Debug|Any CPU
		{1F463432-EC11-4796-9FA8-70BBBB71D875}.Debug|Any CPU.Build.0 = Debug|Any CPU
		{1F463432-EC11-4796-9FA8-70BBBB71D875}.Release|Any CPU.ActiveCfg = Release|Any CPU
		{1F463432-EC11-4796-9FA8-70BBBB71D875}.Release|Any CPU.Build.0 = Release|Any CPU
	EndGlobalSection
	GlobalSection(SolutionProperties) = preSolution
		HideSolutionNode = FALSE
	EndGlobalSection
	GlobalSection(ExtensibilityGlobals) = postSolution
		SolutionGuid = {817E7A47-206E-4A5F-B875-A47CBF4DDBC1}
	EndGlobalSection
EndGlobal
