
Microsoft Visual Studio Solution File, Format Version 12.00
# Visual Studio Version 16
VisualStudioVersion = 16.0.29230.47
MinimumVisualStudioVersion = 10.0.40219.1
Project("{FAE04EC0-301F-11D3-BF4B-00C04F79EFBC}") = "dominoes_exercise", "dominoes_exercise.csproj", "{749EA188-7255-4F13-AA88-6A782A6D2AEF}"
EndProject
Global
	GlobalSection(SolutionConfigurationPlatforms) = preSolution
		Debug|Any CPU = Debug|Any CPU
		Release|Any CPU = Release|Any CPU
	EndGlobalSection
	GlobalSection(ProjectConfigurationPlatforms) = postSolution
		{749EA188-7255-4F13-AA88-6A782A6D2AEF}.Debug|Any CPU.ActiveCfg = Debug|Any CPU
		{749EA188-7255-4F13-AA88-6A782A6D2AEF}.Debug|Any CPU.Build.0 = Debug|Any CPU
		{749EA188-7255-4F13-AA88-6A782A6D2AEF}.Release|Any CPU.ActiveCfg = Release|Any CPU
		{749EA188-7255-4F13-AA88-6A782A6D2AEF}.Release|Any CPU.Build.0 = Release|Any CPU
	EndGlobalSection
	GlobalSection(SolutionProperties) = preSolution
		HideSolutionNode = FALSE
	EndGlobalSection
	GlobalSection(ExtensibilityGlobals) = postSolution
		SolutionGuid = {380162A6-8638-46DF-BB11-30B5CC71B106}
	EndGlobalSection
EndGlobal
