
Microsoft Visual Studio Solution File, Format Version 12.00
# Visual Studio Version 16
VisualStudioVersion = 16.0.29230.47
MinimumVisualStudioVersion = 10.0.40219.1
Project("{FAE04EC0-301F-11D3-BF4B-00C04F79EFBC}") = "petrol_station", "petrol_station.csproj", "{7D1A8303-D870-439C-A177-C80B74C14D2B}"
EndProject
Global
	GlobalSection(SolutionConfigurationPlatforms) = preSolution
		Debug|Any CPU = Debug|Any CPU
		Release|Any CPU = Release|Any CPU
	EndGlobalSection
	GlobalSection(ProjectConfigurationPlatforms) = postSolution
		{7D1A8303-D870-439C-A177-C80B74C14D2B}.Debug|Any CPU.ActiveCfg = Debug|Any CPU
		{7D1A8303-D870-439C-A177-C80B74C14D2B}.Debug|Any CPU.Build.0 = Debug|Any CPU
		{7D1A8303-D870-439C-A177-C80B74C14D2B}.Release|Any CPU.ActiveCfg = Release|Any CPU
		{7D1A8303-D870-439C-A177-C80B74C14D2B}.Release|Any CPU.Build.0 = Release|Any CPU
	EndGlobalSection
	GlobalSection(SolutionProperties) = preSolution
		HideSolutionNode = FALSE
	EndGlobalSection
	GlobalSection(ExtensibilityGlobals) = postSolution
		SolutionGuid = {FD665A6C-4F34-40E2-A6F2-9507F17B7D0A}
	EndGlobalSection
EndGlobal
