
Microsoft Visual Studio Solution File, Format Version 12.00
# Visual Studio Version 16
VisualStudioVersion = 16.0.29230.47
MinimumVisualStudioVersion = 10.0.40219.1
Project("{FAE04EC0-301F-11D3-BF4B-00C04F79EFBC}") = "Sharpie", "Sharpie.csproj", "{48ACA037-367A-40AE-9FAC-6D2F7596ED19}"
EndProject
Global
	GlobalSection(SolutionConfigurationPlatforms) = preSolution
		Debug|Any CPU = Debug|Any CPU
		Release|Any CPU = Release|Any CPU
	EndGlobalSection
	GlobalSection(ProjectConfigurationPlatforms) = postSolution
		{48ACA037-367A-40AE-9FAC-6D2F7596ED19}.Debug|Any CPU.ActiveCfg = Debug|Any CPU
		{48ACA037-367A-40AE-9FAC-6D2F7596ED19}.Debug|Any CPU.Build.0 = Debug|Any CPU
		{48ACA037-367A-40AE-9FAC-6D2F7596ED19}.Release|Any CPU.ActiveCfg = Release|Any CPU
		{48ACA037-367A-40AE-9FAC-6D2F7596ED19}.Release|Any CPU.Build.0 = Release|Any CPU
	EndGlobalSection
	GlobalSection(SolutionProperties) = preSolution
		HideSolutionNode = FALSE
	EndGlobalSection
	GlobalSection(ExtensibilityGlobals) = postSolution
		SolutionGuid = {BAD79B8D-C2DC-4B10-B7F3-AA6B57776F1E}
	EndGlobalSection
EndGlobal
